
Microsoft Visual Studio Solution File, Format Version 12.00
# Visual Studio Version 17
VisualStudioVersion = 17.7.34024.191
MinimumVisualStudioVersion = 10.0.40219.1
Project("{FAE04EC0-301F-11D3-BF4B-00C04F79EFBC}") = "serverr", "serverr\serverr.csproj", "{F5EAB517-5A29-4B2A-A177-F3CE1CE2E2E0}"
EndProject
Global
	GlobalSection(SolutionConfigurationPlatforms) = preSolution
		Debug|Any CPU = Debug|Any CPU
		Release|Any CPU = Release|Any CPU
	EndGlobalSection
	GlobalSection(ProjectConfigurationPlatforms) = postSolution
		{F5EAB517-5A29-4B2A-A177-F3CE1CE2E2E0}.Debug|Any CPU.ActiveCfg = Debug|Any CPU
		{F5EAB517-5A29-4B2A-A177-F3CE1CE2E2E0}.Debug|Any CPU.Build.0 = Debug|Any CPU
		{F5EAB517-5A29-4B2A-A177-F3CE1CE2E2E0}.Release|Any CPU.ActiveCfg = Release|Any CPU
		{F5EAB517-5A29-4B2A-A177-F3CE1CE2E2E0}.Release|Any CPU.Build.0 = Release|Any CPU
	EndGlobalSection
	GlobalSection(SolutionProperties) = preSolution
		HideSolutionNode = FALSE
	EndGlobalSection
	GlobalSection(ExtensibilityGlobals) = postSolution
		SolutionGuid = {05AC7399-9903-4426-A70C-65CC2C23DC08}
	EndGlobalSection
EndGlobal
